
Microsoft Visual Studio Solution File, Format Version 12.00
# Visual Studio Version 17
VisualStudioVersion = 17.14.36327.8 d17.14
MinimumVisualStudioVersion = 10.0.40219.1
Project("{FAE04EC0-301F-11D3-BF4B-00C04F79EFBC}") = "DepartmentWeb", "DepartmentWeb\DepartmentWeb.csproj", "{A87BABA6-CB52-40C0-988D-BFC08E7D9BAB}"
EndProject
Global
	GlobalSection(SolutionConfigurationPlatforms) = preSolution
		Debug|Any CPU = Debug|Any CPU
		Release|Any CPU = Release|Any CPU
	EndGlobalSection
	GlobalSection(ProjectConfigurationPlatforms) = postSolution
		{A87BABA6-CB52-40C0-988D-BFC08E7D9BAB}.Debug|Any CPU.ActiveCfg = Debug|Any CPU
		{A87BABA6-CB52-40C0-988D-BFC08E7D9BAB}.Debug|Any CPU.Build.0 = Debug|Any CPU
		{A87BABA6-CB52-40C0-988D-BFC08E7D9BAB}.Release|Any CPU.ActiveCfg = Release|Any CPU
		{A87BABA6-CB52-40C0-988D-BFC08E7D9BAB}.Release|Any CPU.Build.0 = Release|Any CPU
	EndGlobalSection
	GlobalSection(SolutionProperties) = preSolution
		HideSolutionNode = FALSE
	EndGlobalSection
	GlobalSection(ExtensibilityGlobals) = postSolution
		SolutionGuid = {7D5DB65D-35AE-4667-A99B-BE34555D68C2}
	EndGlobalSection
EndGlobal
